// !$*UTF8*$!
{
	archiveVersion = 1;
	classes = {
	};
	objectVersion = 48;
	objects = {

/* Begin PBXBuildFile section */
		0321FF5E1FB1BB1500F6CE1A /* AppDelegate.swift in Sources */ = {isa = PBXBuildFile; fileRef = 0321FF5D1FB1BB1500F6CE1A /* AppDelegate.swift */; };
		0321FF601FB1BB1500F6CE1A /* ViewController.swift in Sources */ = {isa = PBXBuildFile; fileRef = 0321FF5F1FB1BB1500F6CE1A /* ViewController.swift */; };
		0321FF631FB1BB1600F6CE1A /* Main.storyboard in Resources */ = {isa = PBXBuildFile; fileRef = 0321FF611FB1BB1600F6CE1A /* Main.storyboard */; };
		0321FF651FB1BB1600F6CE1A /* Assets.xcassets in Resources */ = {isa = PBXBuildFile; fileRef = 0321FF641FB1BB1600F6CE1A /* Assets.xcassets */; };
		0321FF681FB1BB1600F6CE1A /* LaunchScreen.storyboard in Resources */ = {isa = PBXBuildFile; fileRef = 0321FF661FB1BB1600F6CE1A /* LaunchScreen.storyboard */; };
		0321FF731FB1BBD100F6CE1A /* MovieManager.swift in Sources */ = {isa = PBXBuildFile; fileRef = 0321FF721FB1BBD100F6CE1A /* MovieManager.swift */; };
		03C7E4761FB2F428005AE3C8 /* MovieCollectionViewCell.swift in Sources */ = {isa = PBXBuildFile; fileRef = 03C7E4751FB2F428005AE3C8 /* MovieCollectionViewCell.swift */; };
		03C7E4781FB33A4A005AE3C8 /* MovieDetailViewController.swift in Sources */ = {isa = PBXBuildFile; fileRef = 03C7E4771FB33A4A005AE3C8 /* MovieDetailViewController.swift */; };
		C924F850E4225806258B1482 /* Pods_MyMovies.framework in Frameworks */ = {isa = PBXBuildFile; fileRef = BFDD5249269349FC79F15493 /* Pods_MyMovies.framework */; };
/* End PBXBuildFile section */

/* Begin PBXFileReference section */
		0321FF5A1FB1BB1500F6CE1A /* MyMovies.app */ = {isa = PBXFileReference; explicitFileType = wrapper.application; includeInIndex = 0; path = MyMovies.app; sourceTree = BUILT_PRODUCTS_DIR; };
		0321FF5D1FB1BB1500F6CE1A /* AppDelegate.swift */ = {isa = PBXFileReference; lastKnownFileType = sourcecode.swift; path = AppDelegate.swift; sourceTree = "<group>"; };
		0321FF5F1FB1BB1500F6CE1A /* ViewController.swift */ = {isa = PBXFileReference; lastKnownFileType = sourcecode.swift; path = ViewController.swift; sourceTree = "<group>"; };
		0321FF621FB1BB1600F6CE1A /* Base */ = {isa = PBXFileReference; lastKnownFileType = file.storyboard; name = Base; path = Base.lproj/Main.storyboard; sourceTree = "<group>"; };
		0321FF641FB1BB1600F6CE1A /* Assets.xcassets */ = {isa = PBXFileReference; lastKnownFileType = folder.assetcatalog; path = Assets.xcassets; sourceTree = "<group>"; };
		0321FF671FB1BB1600F6CE1A /* Base */ = {isa = PBXFileReference; lastKnownFileType = file.storyboard; name = Base; path = Base.lproj/LaunchScreen.storyboard; sourceTree = "<group>"; };
		0321FF691FB1BB1600F6CE1A /* Info.plist */ = {isa = PBXFileReference; lastKnownFileType = text.plist.xml; path = Info.plist; sourceTree = "<group>"; };
		0321FF701FB1BB7300F6CE1A /* ServerManager.swift */ = {isa = PBXFileReference; lastKnownFileType = sourcecode.swift; path = ServerManager.swift; sourceTree = "<group>"; };
		0321FF721FB1BBD100F6CE1A /* MovieManager.swift */ = {isa = PBXFileReference; lastKnownFileType = sourcecode.swift; path = MovieManager.swift; sourceTree = "<group>"; };
		03C7E4751FB2F428005AE3C8 /* MovieCollectionViewCell.swift */ = {isa = PBXFileReference; lastKnownFileType = sourcecode.swift; path = MovieCollectionViewCell.swift; sourceTree = "<group>"; };
		03C7E4771FB33A4A005AE3C8 /* MovieDetailViewController.swift */ = {isa = PBXFileReference; lastKnownFileType = sourcecode.swift; path = MovieDetailViewController.swift; sourceTree = "<group>"; };
		29CE2F1074D0DF6A5837E77B /* Pods-MyMovies.debug.xcconfig */ = {isa = PBXFileReference; includeInIndex = 1; lastKnownFileType = text.xcconfig; name = "Pods-MyMovies.debug.xcconfig"; path = "Pods/Target Support Files/Pods-MyMovies/Pods-MyMovies.debug.xcconfig"; sourceTree = "<group>"; };
		7C85D885C4BC8CEFD0EFE5B0 /* Pods-MyMovies.release.xcconfig */ = {isa = PBXFileReference; includeInIndex = 1; lastKnownFileType = text.xcconfig; name = "Pods-MyMovies.release.xcconfig"; path = "Pods/Target Support Files/Pods-MyMovies/Pods-MyMovies.release.xcconfig"; sourceTree = "<group>"; };
		BFDD5249269349FC79F15493 /* Pods_MyMovies.framework */ = {isa = PBXFileReference; explicitFileType = wrapper.framework; includeInIndex = 0; path = Pods_MyMovies.framework; sourceTree = BUILT_PRODUCTS_DIR; };
/* End PBXFileReference section */

/* Begin PBXFrameworksBuildPhase section */
		0321FF571FB1BB1500F6CE1A /* Frameworks */ = {
			isa = PBXFrameworksBuildPhase;
			buildActionMask = 2147483647;
			files = (
				C924F850E4225806258B1482 /* Pods_MyMovies.framework in Frameworks */,
			);
			runOnlyForDeploymentPostprocessing = 0;
		};
/* End PBXFrameworksBuildPhase section */

/* Begin PBXGroup section */
		0321FF511FB1BB1500F6CE1A = {
			isa = PBXGroup;
			children = (
				0321FF5C1FB1BB1500F6CE1A /* MyMovies */,
				0321FF5B1FB1BB1500F6CE1A /* Products */,
				7BBF48AC77C218BB6D5E435D /* Pods */,
				B4AC6BFEB180246218571B3B /* Frameworks */,
			);
			sourceTree = "<group>";
		};
		0321FF5B1FB1BB1500F6CE1A /* Products */ = {
			isa = PBXGroup;
			children = (
				0321FF5A1FB1BB1500F6CE1A /* MyMovies.app */,
			);
			name = Products;
			sourceTree = "<group>";
		};
		0321FF5C1FB1BB1500F6CE1A /* MyMovies */ = {
			isa = PBXGroup;
			children = (
				0321FF5D1FB1BB1500F6CE1A /* AppDelegate.swift */,
				0321FF5F1FB1BB1500F6CE1A /* ViewController.swift */,
				03C7E4771FB33A4A005AE3C8 /* MovieDetailViewController.swift */,
				0321FF611FB1BB1600F6CE1A /* Main.storyboard */,
				0321FF641FB1BB1600F6CE1A /* Assets.xcassets */,
				0321FF661FB1BB1600F6CE1A /* LaunchScreen.storyboard */,
				0321FF691FB1BB1600F6CE1A /* Info.plist */,
				0321FF701FB1BB7300F6CE1A /* ServerManager.swift */,
				0321FF721FB1BBD100F6CE1A /* MovieManager.swift */,
				03C7E4751FB2F428005AE3C8 /* MovieCollectionViewCell.swift */,
			);
			path = MyMovies;
			sourceTree = "<group>";
		};
		7BBF48AC77C218BB6D5E435D /* Pods */ = {
			isa = PBXGroup;
			children = (
				29CE2F1074D0DF6A5837E77B /* Pods-MyMovies.debug.xcconfig */,
				7C85D885C4BC8CEFD0EFE5B0 /* Pods-MyMovies.release.xcconfig */,
			);
			name = Pods;
			sourceTree = "<group>";
		};
		B4AC6BFEB180246218571B3B /* Frameworks */ = {
			isa = PBXGroup;
			children = (
				BFDD5249269349FC79F15493 /* Pods_MyMovies.framework */,
			);
			name = Frameworks;
			sourceTree = "<group>";
		};
/* End PBXGroup section */

/* Begin PBXNativeTarget section */
		0321FF591FB1BB1500F6CE1A /* MyMovies */ = {
			isa = PBXNativeTarget;
			buildConfigurationList = 0321FF6C1FB1BB1600F6CE1A /* Build configuration list for PBXNativeTarget "MyMovies" */;
			buildPhases = (
				2F401382159BCD4A00F0C314 /* [CP] Check Pods Manifest.lock */,
				0321FF561FB1BB1500F6CE1A /* Sources */,
				0321FF571FB1BB1500F6CE1A /* Frameworks */,
				0321FF581FB1BB1500F6CE1A /* Resources */,
				1538301B64C70CC4D61E8749 /* [CP] Embed Pods Frameworks */,
				4793CF4A1F7C74406C33DB1F /* [CP] Copy Pods Resources */,
			);
			buildRules = (
			);
			dependencies = (
			);
			name = MyMovies;
			productName = MyMovies;
			productReference = 0321FF5A1FB1BB1500F6CE1A /* MyMovies.app */;
			productType = "com.apple.product-type.application";
		};
/* End PBXNativeTarget section */

/* Begin PBXProject section */
		0321FF521FB1BB1500F6CE1A /* Project object */ = {
			isa = PBXProject;
			attributes = {
				LastSwiftUpdateCheck = 0900;
				LastUpgradeCheck = 0900;
				ORGANIZATIONNAME = RelianceJio;
				TargetAttributes = {
					0321FF591FB1BB1500F6CE1A = {
						CreatedOnToolsVersion = 9.0;
						ProvisioningStyle = Automatic;
					};
				};
			};
			buildConfigurationList = 0321FF551FB1BB1500F6CE1A /* Build configuration list for PBXProject "MyMovies" */;
			compatibilityVersion = "Xcode 8.0";
			developmentRegion = en;
			hasScannedForEncodings = 0;
			knownRegions = (
				en,
				Base,
			);
			mainGroup = 0321FF511FB1BB1500F6CE1A;
			productRefGroup = 0321FF5B1FB1BB1500F6CE1A /* Products */;
			projectDirPath = "";
			projectRoot = "";
			targets = (
				0321FF591FB1BB1500F6CE1A /* MyMovies */,
			);
		};
/* End PBXProject section */

/* Begin PBXResourcesBuildPhase section */
		0321FF581FB1BB1500F6CE1A /* Resources */ = {
			isa = PBXResourcesBuildPhase;
			buildActionMask = 2147483647;
			files = (
				0321FF681FB1BB1600F6CE1A /* LaunchScreen.storyboard in Resources */,
				0321FF651FB1BB1600F6CE1A /* Assets.xcassets in Resources */,
				0321FF631FB1BB1600F6CE1A /* Main.storyboard in Resources */,
			);
			runOnlyForDeploymentPostprocessing = 0;
		};
/* End PBXResourcesBuildPhase section */

/* Begin PBXShellScriptBuildPhase section */
		1538301B64C70CC4D61E8749 /* [CP] Embed Pods Frameworks */ = {
			isa = PBXShellScriptBuildPhase;
			buildActionMask = 2147483647;
			files = (
			);
			inputPaths = (
			);
			name = "[CP] Embed Pods Frameworks";
			outputPaths = (
			);
			runOnlyForDeploymentPostprocessing = 0;
			shellPath = /bin/sh;
			shellScript = "\"${SRCROOT}/Pods/Target Support Files/Pods-MyMovies/Pods-MyMovies-frameworks.sh\"\n";
			showEnvVarsInLog = 0;
		};
		2F401382159BCD4A00F0C314 /* [CP] Check Pods Manifest.lock */ = {
			isa = PBXShellScriptBuildPhase;
			buildActionMask = 2147483647;
			files = (
			);
			inputPaths = (
			);
			name = "[CP] Check Pods Manifest.lock";
			outputPaths = (
			);
			runOnlyForDeploymentPostprocessing = 0;
			shellPath = /bin/sh;
			shellScript = "diff \"${PODS_ROOT}/../Podfile.lock\" \"${PODS_ROOT}/Manifest.lock\" > /dev/null\nif [ $? != 0 ] ; then\n    # print error to STDERR\n    echo \"error: The sandbox is not in sync with the Podfile.lock. Run 'pod install' or update your CocoaPods installation.\" >&2\n    exit 1\nfi\n";
			showEnvVarsInLog = 0;
		};
		4793CF4A1F7C74406C33DB1F /* [CP] Copy Pods Resources */ = {
			isa = PBXShellScriptBuildPhase;
			buildActionMask = 2147483647;
			files = (
			);
			inputPaths = (
			);
			name = "[CP] Copy Pods Resources";
			outputPaths = (
			);
			runOnlyForDeploymentPostprocessing = 0;
			shellPath = /bin/sh;
			shellScript = "\"${SRCROOT}/Pods/Target Support Files/Pods-MyMovies/Pods-MyMovies-resources.sh\"\n";
			showEnvVarsInLog = 0;
		};
/* End PBXShellScriptBuildPhase section */

/* Begin PBXSourcesBuildPhase section */
		0321FF561FB1BB1500F6CE1A /* Sources */ = {
			isa = PBXSourcesBuildPhase;
			buildActionMask = 2147483647;
			files = (
				0321FF731FB1BBD100F6CE1A /* MovieManager.swift in Sources */,
				0321FF601FB1BB1500F6CE1A /* ViewController.swift in Sources */,
				03C7E4761FB2F428005AE3C8 /* MovieCollectionViewCell.swift in Sources */,
				0321FF711FB1BB7300F6CE1A /* ServerManager.swift in Sources */,
				03C7E4781FB33A4A005AE3C8 /* MovieDetailViewController.swift in Sources */,
				0321FF5E1FB1BB1500F6CE1A /* AppDelegate.swift in Sources */,
			);
			runOnlyForDeploymentPostprocessing = 0;
		};
/* End PBXSourcesBuildPhase section */

/* Begin PBXVariantGroup section */
		0321FF611FB1BB1600F6CE1A /* Main.storyboard */ = {
			isa = PBXVariantGroup;
			children = (
				0321FF621FB1BB1600F6CE1A /* Base */,
			);
			name = Main.storyboard;
			sourceTree = "<group>";
		};
		0321FF661FB1BB1600F6CE1A /* LaunchScreen.storyboard */ = {
			isa = PBXVariantGroup;
			children = (
				0321FF671FB1BB1600F6CE1A /* Base */,
			);
			name = LaunchScreen.storyboard;
			sourceTree = "<group>";
		};
/* End PBXVariantGroup section */

/* Begin XCBuildConfiguration section */
		0321FF6A1FB1BB1600F6CE1A /* Debug */ = {
			isa = XCBuildConfiguration;
			buildSettings = {
				ALWAYS_SEARCH_USER_PATHS = NO;
				CLANG_ANALYZER_NONNULL = YES;
				CLANG_ANALYZER_NUMBER_OBJECT_CONVERSION = YES_AGGRESSIVE;
				CLANG_CXX_LANGUAGE_STANDARD = "gnu++14";
				CLANG_CXX_LIBRARY = "libc++";
				CLANG_ENABLE_MODULES = YES;
				CLANG_ENABLE_OBJC_ARC = YES;
				CLANG_WARN_BLOCK_CAPTURE_AUTORELEASING = YES;
				CLANG_WARN_BOOL_CONVERSION = YES;
				CLANG_WARN_COMMA = YES;
				CLANG_WARN_CONSTANT_CONVERSION = YES;
				CLANG_WARN_DIRECT_OBJC_ISA_USAGE = YES_ERROR;
				CLANG_WARN_DOCUMENTATION_COMMENTS = YES;
				CLANG_WARN_EMPTY_BODY = YES;
				CLANG_WARN_ENUM_CONVERSION = YES;
				CLANG_WARN_INFINITE_RECURSION = YES;
				CLANG_WARN_INT_CONVERSION = YES;
				CLANG_WARN_NON_LITERAL_NULL_CONVERSION = YES;
				CLANG_WARN_OBJC_LITERAL_CONVERSION = YES;
				CLANG_WARN_OBJC_ROOT_CLASS = YES_ERROR;
				CLANG_WARN_RANGE_LOOP_ANALYSIS = YES;
				CLANG_WARN_STRICT_PROTOTYPES = YES;
				CLANG_WARN_SUSPICIOUS_MOVE = YES;
				CLANG_WARN_UNGUARDED_AVAILABILITY = YES_AGGRESSIVE;
				CLANG_WARN_UNREACHABLE_CODE = YES;
				CLANG_WARN__DUPLICATE_METHOD_MATCH = YES;
				CODE_SIGN_IDENTITY = "iPhone Developer";
				COPY_PHASE_STRIP = NO;
				DEBUG_INFORMATION_FORMAT = dwarf;
				ENABLE_STRICT_OBJC_MSGSEND = YES;
				ENABLE_TESTABILITY = YES;
				GCC_C_LANGUAGE_STANDARD = gnu11;
				GCC_DYNAMIC_NO_PIC = NO;
				GCC_NO_COMMON_BLOCKS = YES;
				GCC_OPTIMIZATION_LEVEL = 0;
				GCC_PREPROCESSOR_DEFINITIONS = (
					"DEBUG=1",
					"$(inherited)",
				);
				GCC_WARN_64_TO_32_BIT_CONVERSION = YES;
				GCC_WARN_ABOUT_RETURN_TYPE = YES_ERROR;
				GCC_WARN_UNDECLARED_SELECTOR = YES;
				GCC_WARN_UNINITIALIZED_AUTOS = YES_AGGRESSIVE;
				GCC_WARN_UNUSED_FUNCTION = YES;
				GCC_WARN_UNUSED_VARIABLE = YES;
				IPHONEOS_DEPLOYMENT_TARGET = 11.0;
				MTL_ENABLE_DEBUG_INFO = YES;
				ONLY_ACTIVE_ARCH = YES;
				SDKROOT = iphoneos;
				SWIFT_ACTIVE_COMPILATION_CONDITIONS = DEBUG;
				SWIFT_OPTIMIZATION_LEVEL = "-Onone";
			};
			name = Debug;
		};
		0321FF6B1FB1BB1600F6CE1A /* Release */ = {
			isa = XCBuildConfiguration;
			buildSettings = {
				ALWAYS_SEARCH_USER_PATHS = NO;
				CLANG_ANALYZER_NONNULL = YES;
				CLANG_ANALYZER_NUMBER_OBJECT_CONVERSION = YES_AGGRESSIVE;
				CLANG_CXX_LANGUAGE_STANDARD = "gnu++14";
				CLANG_CXX_LIBRARY = "libc++";
				CLANG_ENABLE_MODULES = YES;
				CLANG_ENABLE_OBJC_ARC = YES;
				CLANG_WARN_BLOCK_CAPTURE_AUTORELEASING = YES;
				CLANG_WARN_BOOL_CONVERSION = YES;
				CLANG_WARN_COMMA = YES;
				CLANG_WARN_CONSTANT_CONVERSION = YES;
				CLANG_WARN_DIRECT_OBJC_ISA_USAGE = YES_ERROR;
				CLANG_WARN_DOCUMENTATION_COMMENTS = YES;
				CLANG_WARN_EMPTY_BODY = YES;
				CLANG_WARN_ENUM_CONVERSION = YES;
				CLANG_WARN_INFINITE_RECURSION = YES;
				CLANG_WARN_INT_CONVERSION = YES;
				CLANG_WARN_NON_LITERAL_NULL_CONVERSION = YES;
				CLANG_WARN_OBJC_LITERAL_CONVERSION = YES;
				CLANG_WARN_OBJC_ROOT_CLASS = YES_ERROR;
				CLANG_WARN_RANGE_LOOP_ANALYSIS = YES;
				CLANG_WARN_STRICT_PROTOTYPES = YES;
				CLANG_WARN_SUSPICIOUS_MOVE = YES;
				CLANG_WARN_UNGUARDED_AVAILABILITY = YES_AGGRESSIVE;
				CLANG_WARN_UNREACHABLE_CODE = YES;
				CLANG_WARN__DUPLICATE_METHOD_MATCH = YES;
				CODE_SIGN_IDENTITY = "iPhone Developer";
				COPY_PHASE_STRIP = NO;
				DEBUG_INFORMATION_FORMAT = "dwarf-with-dsym";
				ENABLE_NS_ASSERTIONS = NO;
				ENABLE_STRICT_OBJC_MSGSEND = YES;
				GCC_C_LANGUAGE_STANDARD = gnu11;
				GCC_NO_COMMON_BLOCKS = YES;
				GCC_WARN_64_TO_32_BIT_CONVERSION = YES;
				GCC_WARN_ABOUT_RETURN_TYPE = YES_ERROR;
				GCC_WARN_UNDECLARED_SELECTOR = YES;
				GCC_WARN_UNINITIALIZED_AUTOS = YES_AGGRESSIVE;
				GCC_WARN_UNUSED_FUNCTION = YES;
				GCC_WARN_UNUSED_VARIABLE = YES;
				IPHONEOS_DEPLOYMENT_TARGET = 11.0;
				MTL_ENABLE_DEBUG_INFO = NO;
				SDKROOT = iphoneos;
				SWIFT_OPTIMIZATION_LEVEL = "-Owholemodule";
				VALIDATE_PRODUCT = YES;
			};
			name = Release;
		};
		0321FF6D1FB1BB1600F6CE1A /* Debug */ = {
			isa = XCBuildConfiguration;
			baseConfigurationReference = 29CE2F1074D0DF6A5837E77B /* Pods-MyMovies.debug.xcconfig */;
			buildSettings = {
				ASSETCATALOG_COMPILER_APPICON_NAME = AppIcon;
				CODE_SIGN_STYLE = Automatic;
				INFOPLIST_FILE = MyMovies/Info.plist;
				LD_RUNPATH_SEARCH_PATHS = "$(inherited) @executable_path/Frameworks";
				PRODUCT_BUNDLE_IDENTIFIER = com.test.MyMovies;
				PRODUCT_NAME = "$(TARGET_NAME)";
				SWIFT_VERSION = 4.0;
				TARGETED_DEVICE_FAMILY = "1,2";
			};
			name = Debug;
		};
		0321FF6E1FB1BB1600F6CE1A /* Release */ = {
			isa = XCBuildConfiguration;
			baseConfigurationReference = 7C85D885C4BC8CEFD0EFE5B0 /* Pods-MyMovies.release.xcconfig */;
			buildSettings = {
				ASSETCATALOG_COMPILER_APPICON_NAME = AppIcon;
				CODE_SIGN_STYLE = Automatic;
				INFOPLIST_FILE = MyMovies/Info.plist;
				LD_RUNPATH_SEARCH_PATHS = "$(inherited) @executable_path/Frameworks";
				PRODUCT_BUNDLE_IDENTIFIER = com.test.MyMovies;
				PRODUCT_NAME = "$(TARGET_NAME)";
				SWIFT_VERSION = 4.0;
				TARGETED_DEVICE_FAMILY = "1,2";
			};
			name = Release;
		};
/* End XCBuildConfiguration section */

/* Begin XCConfigurationList section */
		0321FF551FB1BB1500F6CE1A /* Build configuration list for PBXProject "MyMovies" */ = {
			isa = XCConfigurationList;
			buildConfigurations = (
				0321FF6A1FB1BB1600F6CE1A /* Debug */,
				0321FF6B1FB1BB1600F6CE1A /* Release */,
			);
			defaultConfigurationIsVisible = 0;
			defaultConfigurationName = Release;
		};
		0321FF6C1FB1BB1600F6CE1A /* Build configuration list for PBXNativeTarget "MyMovies" */ = {
			isa = XCConfigurationList;
			buildConfigurations = (
				0321FF6D1FB1BB1600F6CE1A /* Debug */,
				0321FF6E1FB1BB1600F6CE1A /* Release */,
			);
			defaultConfigurationIsVisible = 0;
			defaultConfigurationName = Release;
		};
/* End XCConfigurationList section */
	};
	rootObject = 0321FF521FB1BB1500F6CE1A /* Project object */;
}
